
Microsoft Visual Studio Solution File, Format Version 12.00
# Visual Studio Version 16
VisualStudioVersion = 16.0.31129.286
MinimumVisualStudioVersion = 10.0.40219.1
Project("{FAE04EC0-301F-11D3-BF4B-00C04F79EFBC}") = "ExpandTouchableRange", "ExpandTouchableRange\ExpandTouchableRange.csproj", "{09FAEC73-BDA0-4ED4-941A-49D8A118BDD2}"
EndProject
Global
	GlobalSection(SolutionConfigurationPlatforms) = preSolution
		Debug|Any CPU = Debug|Any CPU
		Release|Any CPU = Release|Any CPU
	EndGlobalSection
	GlobalSection(ProjectConfigurationPlatforms) = postSolution
		{09FAEC73-BDA0-4ED4-941A-49D8A118BDD2}.Debug|Any CPU.ActiveCfg = Debug|Any CPU
		{09FAEC73-BDA0-4ED4-941A-49D8A118BDD2}.Debug|Any CPU.Build.0 = Debug|Any CPU
		{09FAEC73-BDA0-4ED4-941A-49D8A118BDD2}.Release|Any CPU.ActiveCfg = Release|Any CPU
		{09FAEC73-BDA0-4ED4-941A-49D8A118BDD2}.Release|Any CPU.Build.0 = Release|Any CPU
	EndGlobalSection
	GlobalSection(SolutionProperties) = preSolution
		HideSolutionNode = FALSE
	EndGlobalSection
	GlobalSection(ExtensibilityGlobals) = postSolution
		SolutionGuid = {EF492253-0F57-40FB-9500-28A84E485319}
	EndGlobalSection
EndGlobal
